
Microsoft Visual Studio Solution File, Format Version 12.00
# Visual Studio Version 17
VisualStudioVersion = 17.0.31903.59
MinimumVisualStudioVersion = 10.0.40219.1
Project("{2150E333-8FDC-42A3-9474-1A3956D46DE8}") = "src", "src", "{7D664060-FDE6-40CA-BAC9-819A3FB70E18}"
EndProject
Project("{FAE04EC0-301F-11D3-BF4B-00C04F79EFBC}") = "NextNet.Core", "src\NextNet.Core\NextNet.Core.csproj", "{E1DB38A5-EE3F-40C3-9E55-927C9CD88A21}"
EndProject
Project("{FAE04EC0-301F-11D3-BF4B-00C04F79EFBC}") = "NextNet.Routing", "src\NextNet.Routing\NextNet.Routing.csproj", "{63B1A4D2-9F8C-4A7D-BC8E-1F2C3D4E5F6A}"
EndProject
Project("{FAE04EC0-301F-11D3-BF4B-00C04F79EFBC}") = "NextNet.SourceGenerators", "src\NextNet.SourceGenerators\NextNet.SourceGenerators.csproj", "{A1B2C3D4-E5F6-7890-ABCD-EF1234567890}"
EndProject
Project("{2150E333-8FDC-42A3-9474-1A3956D46DE8}") = "tests", "tests", "{F2EC04FD-F713-4CCB-99A9-A40662762F0A}"
EndProject
Project("{FAE04EC0-301F-11D3-BF4B-00C04F79EFBC}") = "NextNet.Core.Tests", "tests\NextNet.Core.Tests\NextNet.Core.Tests.csproj", "{A8293862-4C5A-4706-87A2-A0BF734CD1D6}"
EndProject
Project("{FAE04EC0-301F-11D3-BF4B-00C04F79EFBC}") = "NextNet.Routing.Tests", "tests\NextNet.Routing.Tests\NextNet.Routing.Tests.csproj", "{8B5C3D1E-4F6A-4B7C-9D8E-1F2A3B4C5D6E}"
EndProject
Project("{FAE04EC0-301F-11D3-BF4B-00C04F79EFBC}") = "NextNet.SourceGenerators.Tests", "tests\NextNet.SourceGenerators.Tests\NextNet.SourceGenerators.Tests.csproj", "{B2C3D4E5-F6A7-8901-BCDE-F12345678901}"
EndProject
Project("{FAE04EC0-301F-11D3-BF4B-00C04F79EFBC}") = "NextNet.Rendering", "src\NextNet.Rendering\NextNet.Rendering.csproj", "{6CC5DFEA-7130-461E-BCB2-1E8DD47DAB51}"
EndProject
Project("{FAE04EC0-301F-11D3-BF4B-00C04F79EFBC}") = "NextNet.Rendering.Tests", "tests\NextNet.Rendering.Tests\NextNet.Rendering.Tests.csproj", "{880CC771-A18E-44C4-962F-02531A90E50D}"
EndProject
Project("{FAE04EC0-301F-11D3-BF4B-00C04F79EFBC}") = "NextNet.Layouts.Tests", "tests\NextNet.Layouts.Tests\NextNet.Layouts.Tests.csproj", "{D004F575-43AE-4511-BC2B-16C18499293A}"
EndProject
Project("{FAE04EC0-301F-11D3-BF4B-00C04F79EFBC}") = "NextNet.Layouts", "src\NextNet.Layouts\NextNet.Layouts.csproj", "{26B2A5E4-31FC-4F3A-966D-063A930278C3}"
EndProject
Project("{FAE04EC0-301F-11D3-BF4B-00C04F79EFBC}") = "NextNet.Cli", "src\NextNet.Cli\NextNet.Cli.csproj", "{ECCAB625-4195-48B4-89AE-223C45ADDC89}"
EndProject
Project("{FAE04EC0-301F-11D3-BF4B-00C04F79EFBC}") = "NextNet.Cli.Tests", "tests\NextNet.Cli.Tests\NextNet.Cli.Tests.csproj", "{9D5126C5-5552-48D1-9464-D7980482B5A8}"
EndProject
Project("{FAE04EC0-301F-11D3-BF4B-00C04F79EFBC}") = "NextNet.Build", "src\NextNet.Build\NextNet.Build.csproj", "{7B3D4E5F-6A7B-8C9D-0E1F-2A3B4C5D6E7F}"
EndProject
Project("{FAE04EC0-301F-11D3-BF4B-00C04F79EFBC}") = "NextNet.Build.Tests", "tests\NextNet.Build.Tests\NextNet.Build.Tests.csproj", "{8C4D5E6F-7A8B-9C0D-1E2F-3A4B5C6D7E8F}"
EndProject
Project("{FAE04EC0-301F-11D3-BF4B-00C04F79EFBC}") = "NextNet.DevTools", "src\NextNet.DevTools\NextNet.DevTools.csproj", "{9E5F6A7B-8C9D-0E1F-2A3B-4C5D6E7F8A9B}"
EndProject
Project("{FAE04EC0-301F-11D3-BF4B-00C04F79EFBC}") = "NextNet.DevTools.Tests", "tests\NextNet.DevTools.Tests\NextNet.DevTools.Tests.csproj", "{0A1B2C3D-4E5F-6A7B-8C9D-0E1F2A3B4C5D}"
EndProject
Project("{FAE04EC0-301F-11D3-BF4B-00C04F79EFBC}") = "NextNet.ServerActions", "src\NextNet.ServerActions\NextNet.ServerActions.csproj", "{5D3A1BE1-68D0-4335-BC42-C116BF9A54A1}"
EndProject
Project("{FAE04EC0-301F-11D3-BF4B-00C04F79EFBC}") = "NextNet.ServerActions.Tests", "tests\NextNet.ServerActions.Tests\NextNet.ServerActions.Tests.csproj", "{2519FA70-2653-488F-B840-17AD81E654C9}"
EndProject
Project("{FAE04EC0-301F-11D3-BF4B-00C04F79EFBC}") = "NextNet.Plugins", "src\NextNet.Plugins\NextNet.Plugins.csproj", "{273EAE14-80E1-40BA-9639-BF6D34C23E11}"
EndProject
Project("{FAE04EC0-301F-11D3-BF4B-00C04F79EFBC}") = "NextNet.Plugins.Tests", "tests\NextNet.Plugins.Tests\NextNet.Plugins.Tests.csproj", "{13B855AF-1B72-4C12-9F31-7C7592A2155C}"
EndProject
Project("{FAE04EC0-301F-11D3-BF4B-00C04F79EFBC}") = "NextNet.Middleware", "src\NextNet.Middleware\NextNet.Middleware.csproj", "{66E973E9-5BA0-4653-AFDD-FA26D4C197C5}"
EndProject
Project("{FAE04EC0-301F-11D3-BF4B-00C04F79EFBC}") = "NextNet.Edge", "src\NextNet.Edge\NextNet.Edge.csproj", "{F84C59A1-72B3-4D12-AF38-7C21A5B92C11}"
EndProject
Project("{FAE04EC0-301F-11D3-BF4B-00C04F79EFBC}") = "NextNet.Edge.Tests", "tests\NextNet.Edge.Tests\NextNet.Edge.Tests.csproj", "{E530F5B0-6783-4C23-9F4A-2B1E6D5C8A3D}"
EndProject
Project("{FAE04EC0-301F-11D3-BF4B-00C04F79EFBC}") = "NextNet.Isr", "src\NextNet.Isr\NextNet.Isr.csproj", "{F8B99419-F069-4E3F-8C07-53DF5678DB69}"
EndProject
Project("{FAE04EC0-301F-11D3-BF4B-00C04F79EFBC}") = "NextNet.Isr.Tests", "tests\NextNet.Isr.Tests\NextNet.Isr.Tests.csproj", "{D4388840-E601-4730-9374-454BF5520D47}"
EndProject
Project("{FAE04EC0-301F-11D3-BF4B-00C04F79EFBC}") = "NextNet.Middleware.Tests", "tests\NextNet.Middleware.Tests\NextNet.Middleware.Tests.csproj", "{7CA841A7-02DA-4CB0-A20B-106FBC948BCE}"
EndProject
Project("{FAE04EC0-301F-11D3-BF4B-00C04F79EFBC}") = "NextNet.Data.Abstractions", "src\NextNet.Data.Abstractions\NextNet.Data.Abstractions.csproj", "{8A74CA6B-BF91-4789-916C-D18B53B3DF7B}"
EndProject
Project("{FAE04EC0-301F-11D3-BF4B-00C04F79EFBC}") = "NextNet.Data.Abstractions.Tests", "tests\NextNet.Data.Abstractions.Tests\NextNet.Data.Abstractions.Tests.csproj", "{5B44B533-230B-4DDC-9C34-860D442B143E}"
EndProject
Project("{FAE04EC0-301F-11D3-BF4B-00C04F79EFBC}") = "NextNet.Architecture.Tests", "tests\NextNet.Architecture.Tests\NextNet.Architecture.Tests.csproj", "{CEA71352-5DB7-40E1-8682-71F8B65D842D}"
EndProject
Project("{FAE04EC0-301F-11D3-BF4B-00C04F79EFBC}") = "NextNet.Data.Providers", "src\NextNet.Data.Providers\NextNet.Data.Providers.csproj", "{D3DD681A-A7C9-4CFB-AE47-9A9CCCE35CFA}"
EndProject
Project("{FAE04EC0-301F-11D3-BF4B-00C04F79EFBC}") = "NextNet.Data.Providers.Tests", "tests\NextNet.Data.Providers.Tests\NextNet.Data.Providers.Tests.csproj", "{89B9EA36-CEFD-4B23-A6C0-2298074DD037}"
EndProject
Project("{FAE04EC0-301F-11D3-BF4B-00C04F79EFBC}") = "NextNet.Data.EntityFramework", "src\NextNet.Data.EntityFramework\NextNet.Data.EntityFramework.csproj", "{E37D1FFF-C4B6-4C91-8BCB-7D020CF3C574}"
EndProject
Project("{FAE04EC0-301F-11D3-BF4B-00C04F79EFBC}") = "NextNet.Data.EntityFramework.Tests", "tests\NextNet.Data.EntityFramework.Tests\NextNet.Data.EntityFramework.Tests.csproj", "{9202B0ED-60DF-478D-A187-25DE52A636C9}"
EndProject
Project("{FAE04EC0-301F-11D3-BF4B-00C04F79EFBC}") = "NextNet.Data.Sqlite", "src\NextNet.Data.Sqlite\NextNet.Data.Sqlite.csproj", "{F4C5D6E7-8A9B-0C1D-2E3F-4A5B6C7D8E9F}"
EndProject
Project("{FAE04EC0-301F-11D3-BF4B-00C04F79EFBC}") = "NextNet.Data.Sqlite.Tests", "tests\NextNet.Data.Sqlite.Tests\NextNet.Data.Sqlite.Tests.csproj", "{A6B7C8D9-E0F1-2345-6789-ABCDEF012345}"
EndProject
Project("{FAE04EC0-301F-11D3-BF4B-00C04F79EFBC}") = "NextNet.Data.MultiDb", "src\NextNet.Data.MultiDb\NextNet.Data.MultiDb.csproj", "{B7C8D9E0-F1A2-3456-789A-BCDEF0123456}"
EndProject
Project("{FAE04EC0-301F-11D3-BF4B-00C04F79EFBC}") = "NextNet.Data.MultiDb.Tests", "tests\NextNet.Data.MultiDb.Tests\NextNet.Data.MultiDb.Tests.csproj", "{C8D9E0F1-A2B3-4567-89AB-CDEF01234567}"
EndProject
Project("{FAE04EC0-301F-11D3-BF4B-00C04F79EFBC}") = "NextNet.Data.HealthChecks", "src\NextNet.Data.HealthChecks\NextNet.Data.HealthChecks.csproj", "{34FC5670-6BB2-47D1-B3E9-478EBAD449E0}"
EndProject
Project("{FAE04EC0-301F-11D3-BF4B-00C04F79EFBC}") = "NextNet.Data.Dapper", "src\NextNet.Data.Dapper\NextNet.Data.Dapper.csproj", "{582BDFFC-5D91-4891-B52F-C37925932B9E}"
EndProject
Project("{FAE04EC0-301F-11D3-BF4B-00C04F79EFBC}") = "NextNet.Data.HealthChecks.Tests", "tests\NextNet.Data.HealthChecks.Tests\NextNet.Data.HealthChecks.Tests.csproj", "{DFD6CF98-3661-4F37-ADE2-255B744CF87D}"
EndProject
Project("{FAE04EC0-301F-11D3-BF4B-00C04F79EFBC}") = "NextNet.Data.Dapper.Tests", "tests\NextNet.Data.Dapper.Tests\NextNet.Data.Dapper.Tests.csproj", "{74F226C8-F07E-4204-A057-713F57A9E528}"
EndProject
Project("{FAE04EC0-301F-11D3-BF4B-00C04F79EFBC}") = "NextNet.Data.Sdk", "src\NextNet.Data.Sdk\NextNet.Data.Sdk.csproj", "{70AB9DBD-0624-4727-BE4C-674D16EF01FB}"
EndProject
Project("{FAE04EC0-301F-11D3-BF4B-00C04F79EFBC}") = "NextNet.Data.MongoDB", "src\NextNet.Data.MongoDB\NextNet.Data.MongoDB.csproj", "{0BF32C50-5CE2-4CAB-8CE9-2689E0A41F04}"
EndProject
Project("{FAE04EC0-301F-11D3-BF4B-00C04F79EFBC}") = "NextNet.Data.MongoDB.Tests", "tests\NextNet.Data.MongoDB.Tests\NextNet.Data.MongoDB.Tests.csproj", "{5E471204-34EA-4B98-AA55-B9476A4E7753}"
EndProject
Project("{FAE04EC0-301F-11D3-BF4B-00C04F79EFBC}") = "NextNet.Data.Benchmarks", "tests\NextNet.Data.Benchmarks\NextNet.Data.Benchmarks.csproj", "{EE53B69E-A8B3-4351-8E64-AB57B1FBF15B}"
EndProject
Project("{FAE04EC0-301F-11D3-BF4B-00C04F79EFBC}") = "NextNet.Templates.Tests", "tests\NextNet.Templates.Tests\NextNet.Templates.Tests.csproj", "{E927F007-FA5E-42D4-BFAB-B966BE58C437}"
EndProject
Project("{FAE04EC0-301F-11D3-BF4B-00C04F79EFBC}") = "NextNet.Templates", "src\NextNet.Templates\NextNet.Templates.csproj", "{D613897D-F43F-47D9-BEEB-882F2332EDED}"
EndProject
Project("{FAE04EC0-301F-11D3-BF4B-00C04F79EFBC}") = "NextNet.TemplateEngine", "src\NextNet.TemplateEngine\NextNet.TemplateEngine.csproj", "{4D55CC07-1008-4638-A39C-7B699D506519}"
EndProject
Project("{FAE04EC0-301F-11D3-BF4B-00C04F79EFBC}") = "NextNet.TemplateEngine.Tests", "tests\NextNet.TemplateEngine.Tests\NextNet.TemplateEngine.Tests.csproj", "{61B9571C-2868-4E48-A43A-997BC056BE14}"
EndProject
Project("{FAE04EC0-301F-11D3-BF4B-00C04F79EFBC}") = "NextNet.Templates.Official", "src\NextNet.Templates.Official\NextNet.Templates.Official.csproj", "{F94A8AC7-AA45-40D4-9415-6A944471568A}"
EndProject
Project("{FAE04EC0-301F-11D3-BF4B-00C04F79EFBC}") = "NextNet.Templates.Official.Tests", "tests\NextNet.Templates.Official.Tests\NextNet.Templates.Official.Tests.csproj", "{F1322476-FA97-4695-88C6-F828597FEEED}"
EndProject
Project("{FAE04EC0-301F-11D3-BF4B-00C04F79EFBC}") = "NextNet.TemplateSdk", "src\NextNet.TemplateSdk\NextNet.TemplateSdk.csproj", "{537BC602-4517-4F68-9DA2-717FD69450E1}"
EndProject
Project("{FAE04EC0-301F-11D3-BF4B-00C04F79EFBC}") = "NextNet.TemplateSdk.Tests", "tests\NextNet.TemplateSdk.Tests\NextNet.TemplateSdk.Tests.csproj", "{C25B3600-2BB1-4805-9442-82CDD534E780}"
EndProject
Project("{FAE04EC0-301F-11D3-BF4B-00C04F79EFBC}") = "NextNet.TemplateRegistry", "src\NextNet.TemplateRegistry\NextNet.TemplateRegistry.csproj", "{84774EF0-E86C-4FAB-9846-6EBB64B3B9B4}"
EndProject
Project("{FAE04EC0-301F-11D3-BF4B-00C04F79EFBC}") = "NextNet.TemplateRegistry.Tests", "tests\NextNet.TemplateRegistry.Tests\NextNet.TemplateRegistry.Tests.csproj", "{3D69D647-30E5-4F1D-9CF8-950AE7121424}"
EndProject
Project("{FAE04EC0-301F-11D3-BF4B-00C04F79EFBC}") = "NextNet.TemplatePackages", "src\NextNet.TemplatePackages\NextNet.TemplatePackages.csproj", "{3C1A6717-8069-4108-B33F-E1A29E081506}"
EndProject
Project("{FAE04EC0-301F-11D3-BF4B-00C04F79EFBC}") = "NextNet.TemplateSecurity", "src\NextNet.TemplateSecurity\NextNet.TemplateSecurity.csproj", "{64FFAD7B-E944-476C-B079-94485A78A44D}"
EndProject
Project("{FAE04EC0-301F-11D3-BF4B-00C04F79EFBC}") = "NextNet.TemplateSecurity.Tests", "tests\NextNet.TemplateSecurity.Tests\NextNet.TemplateSecurity.Tests.csproj", "{CA2A37BB-4DDF-4BA0-80A9-4128BB94CE17}"
EndProject
Project("{FAE04EC0-301F-11D3-BF4B-00C04F79EFBC}") = "NextNet.TemplateMarketplace", "src\NextNet.TemplateMarketplace\NextNet.TemplateMarketplace.csproj", "{95F94F8E-22DB-44DA-A82E-E3C587A99D8F}"
EndProject
Project("{FAE04EC0-301F-11D3-BF4B-00C04F79EFBC}") = "NextNet.TemplateMarketplace.Tests", "tests\NextNet.TemplateMarketplace.Tests\NextNet.TemplateMarketplace.Tests.csproj", "{783EA125-D8A4-4747-9F2F-80A962AAFBAC}"
EndProject
Project("{FAE04EC0-301F-11D3-BF4B-00C04F79EFBC}") = "NextNet.UI.Abstractions", "src\NextNet.UI.Abstractions\NextNet.UI.Abstractions.csproj", "{6F7EE128-0AD0-4F9D-A48F-BF9F199BF971}"
EndProject
Project("{FAE04EC0-301F-11D3-BF4B-00C04F79EFBC}") = "NextNet.UI.Abstractions.Tests", "tests\NextNet.UI.Abstractions.Tests\NextNet.UI.Abstractions.Tests.csproj", "{75393F1D-3818-41CF-B816-E385099AD0F6}"
EndProject
Project("{FAE04EC0-301F-11D3-BF4B-00C04F79EFBC}") = "NextNet.UI.Rendering", "src\NextNet.UI.Rendering\NextNet.UI.Rendering.csproj", "{2C01996D-6F36-49B2-9A75-59917F4730AB}"
EndProject
Project("{FAE04EC0-301F-11D3-BF4B-00C04F79EFBC}") = "NextNet.UI.Rendering.Tests", "tests\NextNet.UI.Rendering.Tests\NextNet.UI.Rendering.Tests.csproj", "{64C78C5F-73BD-46D5-A21C-F1E4185B61AC}"
EndProject
Project("{FAE04EC0-301F-11D3-BF4B-00C04F79EFBC}") = "NextNet.Data.PostgreSQL", "src\NextNet.Data.PostgreSQL\NextNet.Data.PostgreSQL.csproj", "{22F51C7D-41E3-4213-94D9-01C712A9D313}"
EndProject
Project("{FAE04EC0-301F-11D3-BF4B-00C04F79EFBC}") = "NextNet.DesignSystem", "src\NextNet.DesignSystem\NextNet.DesignSystem.csproj", "{D7383B95-9D26-43DC-8C18-4150D1B46A35}"
EndProject
Project("{FAE04EC0-301F-11D3-BF4B-00C04F79EFBC}") = "NextNet.UI.DesignSystem", "src\NextNet.UI.DesignSystem\NextNet.UI.DesignSystem.csproj", "{8D755516-FFCC-4F73-ACFF-142B3496A843}"
EndProject
Project("{FAE04EC0-301F-11D3-BF4B-00C04F79EFBC}") = "NextNet.UI.Tailwind", "src\NextNet.UI.Tailwind\NextNet.UI.Tailwind.csproj", "{A1C8024E-53BA-4644-AFBE-BB868D1C651A}"
EndProject
Project("{FAE04EC0-301F-11D3-BF4B-00C04F79EFBC}") = "NextNet.UI.Theming", "src\NextNet.UI.Theming\NextNet.UI.Theming.csproj", "{CCAF0F52-D38A-42C1-ABBF-89D465042947}"
EndProject
Project("{FAE04EC0-301F-11D3-BF4B-00C04F79EFBC}") = "NextNet.Data.PostgreSQL.Tests", "tests\NextNet.Data.PostgreSQL.Tests\NextNet.Data.PostgreSQL.Tests.csproj", "{2BC9E290-229F-4B62-B0C4-F1A25FB4F390}"
EndProject
Project("{FAE04EC0-301F-11D3-BF4B-00C04F79EFBC}") = "NextNet.Data.Sdk.Tests", "tests\NextNet.Data.Sdk.Tests\NextNet.Data.Sdk.Tests.csproj", "{F7FC796C-AF82-4AE7-8FC9-2D889185CF70}"
EndProject
Project("{FAE04EC0-301F-11D3-BF4B-00C04F79EFBC}") = "NextNet.DesignSystem.Tests", "tests\NextNet.DesignSystem.Tests\NextNet.DesignSystem.Tests.csproj", "{172FCF39-718D-43B4-B3B4-F668C25D87F9}"
EndProject
Project("{FAE04EC0-301F-11D3-BF4B-00C04F79EFBC}") = "NextNet.TemplatePackages.Tests", "tests\NextNet.TemplatePackages.Tests\NextNet.TemplatePackages.Tests.csproj", "{8C374BAE-ABAA-4D8E-966D-75D56AD37D6E}"
EndProject
Project("{FAE04EC0-301F-11D3-BF4B-00C04F79EFBC}") = "NextNet.UI.DesignSystem.Tests", "tests\NextNet.UI.DesignSystem.Tests\NextNet.UI.DesignSystem.Tests.csproj", "{D59B3C07-E566-4C37-BAA9-F18F9E16BAB2}"
EndProject
Project("{FAE04EC0-301F-11D3-BF4B-00C04F79EFBC}") = "NextNet.UI.Tailwind.Tests", "tests\NextNet.UI.Tailwind.Tests\NextNet.UI.Tailwind.Tests.csproj", "{D176C811-6E80-485F-A42F-0813F5B7F48C}"
EndProject
Project("{FAE04EC0-301F-11D3-BF4B-00C04F79EFBC}") = "NextNet.UI.Theming.Tests", "tests\NextNet.UI.Theming.Tests\NextNet.UI.Theming.Tests.csproj", "{55452B7A-1313-4824-8790-CD7C8B6ACA36}"
EndProject
Global
	GlobalSection(SolutionConfigurationPlatforms) = preSolution
		Debug|Any CPU = Debug|Any CPU
		Release|Any CPU = Release|Any CPU
	EndGlobalSection
	GlobalSection(SolutionProperties) = preSolution
		HideSolutionNode = FALSE
	EndGlobalSection
	GlobalSection(ProjectConfigurationPlatforms) = postSolution
		{E1DB38A5-EE3F-40C3-9E55-927C9CD88A21}.Debug|Any CPU.ActiveCfg = Debug|Any CPU
		{E1DB38A5-EE3F-40C3-9E55-927C9CD88A21}.Debug|Any CPU.Build.0 = Debug|Any CPU
		{E1DB38A5-EE3F-40C3-9E55-927C9CD88A21}.Release|Any CPU.ActiveCfg = Release|Any CPU
		{E1DB38A5-EE3F-40C3-9E55-927C9CD88A21}.Release|Any CPU.Build.0 = Release|Any CPU
		{A8293862-4C5A-4706-87A2-A0BF734CD1D6}.Debug|Any CPU.ActiveCfg = Debug|Any CPU
		{A8293862-4C5A-4706-87A2-A0BF734CD1D6}.Debug|Any CPU.Build.0 = Debug|Any CPU
		{A8293862-4C5A-4706-87A2-A0BF734CD1D6}.Release|Any CPU.ActiveCfg = Release|Any CPU
		{A8293862-4C5A-4706-87A2-A0BF734CD1D6}.Release|Any CPU.Build.0 = Release|Any CPU
		{63B1A4D2-9F8C-4A7D-BC8E-1F2C3D4E5F6A}.Debug|Any CPU.ActiveCfg = Debug|Any CPU
		{63B1A4D2-9F8C-4A7D-BC8E-1F2C3D4E5F6A}.Debug|Any CPU.Build.0 = Debug|Any CPU
		{63B1A4D2-9F8C-4A7D-BC8E-1F2C3D4E5F6A}.Release|Any CPU.ActiveCfg = Release|Any CPU
		{63B1A4D2-9F8C-4A7D-BC8E-1F2C3D4E5F6A}.Release|Any CPU.Build.0 = Release|Any CPU
		{A1B2C3D4-E5F6-7890-ABCD-EF1234567890}.Debug|Any CPU.ActiveCfg = Debug|Any CPU
		{A1B2C3D4-E5F6-7890-ABCD-EF1234567890}.Debug|Any CPU.Build.0 = Debug|Any CPU
		{A1B2C3D4-E5F6-7890-ABCD-EF1234567890}.Release|Any CPU.ActiveCfg = Release|Any CPU
		{A1B2C3D4-E5F6-7890-ABCD-EF1234567890}.Release|Any CPU.Build.0 = Release|Any CPU
		{8B5C3D1E-4F6A-4B7C-9D8E-1F2A3B4C5D6E}.Debug|Any CPU.ActiveCfg = Debug|Any CPU
		{8B5C3D1E-4F6A-4B7C-9D8E-1F2A3B4C5D6E}.Debug|Any CPU.Build.0 = Debug|Any CPU
		{8B5C3D1E-4F6A-4B7C-9D8E-1F2A3B4C5D6E}.Release|Any CPU.ActiveCfg = Release|Any CPU
		{8B5C3D1E-4F6A-4B7C-9D8E-1F2A3B4C5D6E}.Release|Any CPU.Build.0 = Release|Any CPU
		{B2C3D4E5-F6A7-8901-BCDE-F12345678901}.Debug|Any CPU.ActiveCfg = Debug|Any CPU
		{B2C3D4E5-F6A7-8901-BCDE-F12345678901}.Debug|Any CPU.Build.0 = Debug|Any CPU
		{B2C3D4E5-F6A7-8901-BCDE-F12345678901}.Release|Any CPU.ActiveCfg = Release|Any CPU
		{B2C3D4E5-F6A7-8901-BCDE-F12345678901}.Release|Any CPU.Build.0 = Release|Any CPU
		{6CC5DFEA-7130-461E-BCB2-1E8DD47DAB51}.Debug|Any CPU.ActiveCfg = Debug|Any CPU
		{6CC5DFEA-7130-461E-BCB2-1E8DD47DAB51}.Debug|Any CPU.Build.0 = Debug|Any CPU
		{6CC5DFEA-7130-461E-BCB2-1E8DD47DAB51}.Release|Any CPU.ActiveCfg = Release|Any CPU
		{6CC5DFEA-7130-461E-BCB2-1E8DD47DAB51}.Release|Any CPU.Build.0 = Release|Any CPU
		{880CC771-A18E-44C4-962F-02531A90E50D}.Debug|Any CPU.ActiveCfg = Debug|Any CPU
		{880CC771-A18E-44C4-962F-02531A90E50D}.Debug|Any CPU.Build.0 = Debug|Any CPU
		{880CC771-A18E-44C4-962F-02531A90E50D}.Release|Any CPU.ActiveCfg = Release|Any CPU
		{880CC771-A18E-44C4-962F-02531A90E50D}.Release|Any CPU.Build.0 = Release|Any CPU
		{D004F575-43AE-4511-BC2B-16C18499293A}.Debug|Any CPU.ActiveCfg = Debug|Any CPU
		{D004F575-43AE-4511-BC2B-16C18499293A}.Debug|Any CPU.Build.0 = Debug|Any CPU
		{D004F575-43AE-4511-BC2B-16C18499293A}.Release|Any CPU.ActiveCfg = Release|Any CPU
		{D004F575-43AE-4511-BC2B-16C18499293A}.Release|Any CPU.Build.0 = Release|Any CPU
		{26B2A5E4-31FC-4F3A-966D-063A930278C3}.Debug|Any CPU.ActiveCfg = Debug|Any CPU
		{26B2A5E4-31FC-4F3A-966D-063A930278C3}.Debug|Any CPU.Build.0 = Debug|Any CPU
		{26B2A5E4-31FC-4F3A-966D-063A930278C3}.Release|Any CPU.ActiveCfg = Release|Any CPU
		{26B2A5E4-31FC-4F3A-966D-063A930278C3}.Release|Any CPU.Build.0 = Release|Any CPU
		{ECCAB625-4195-48B4-89AE-223C45ADDC89}.Debug|Any CPU.ActiveCfg = Debug|Any CPU
		{ECCAB625-4195-48B4-89AE-223C45ADDC89}.Debug|Any CPU.Build.0 = Debug|Any CPU
		{ECCAB625-4195-48B4-89AE-223C45ADDC89}.Release|Any CPU.ActiveCfg = Release|Any CPU
		{ECCAB625-4195-48B4-89AE-223C45ADDC89}.Release|Any CPU.Build.0 = Release|Any CPU
		{9D5126C5-5552-48D1-9464-D7980482B5A8}.Debug|Any CPU.ActiveCfg = Debug|Any CPU
		{9D5126C5-5552-48D1-9464-D7980482B5A8}.Debug|Any CPU.Build.0 = Debug|Any CPU
		{9D5126C5-5552-48D1-9464-D7980482B5A8}.Release|Any CPU.ActiveCfg = Release|Any CPU
		{9D5126C5-5552-48D1-9464-D7980482B5A8}.Release|Any CPU.Build.0 = Release|Any CPU
		{7B3D4E5F-6A7B-8C9D-0E1F-2A3B4C5D6E7F}.Debug|Any CPU.ActiveCfg = Debug|Any CPU
		{7B3D4E5F-6A7B-8C9D-0E1F-2A3B4C5D6E7F}.Debug|Any CPU.Build.0 = Debug|Any CPU
		{7B3D4E5F-6A7B-8C9D-0E1F-2A3B4C5D6E7F}.Release|Any CPU.ActiveCfg = Release|Any CPU
		{7B3D4E5F-6A7B-8C9D-0E1F-2A3B4C5D6E7F}.Release|Any CPU.Build.0 = Release|Any CPU
		{8C4D5E6F-7A8B-9C0D-1E2F-3A4B5C6D7E8F}.Debug|Any CPU.ActiveCfg = Debug|Any CPU
		{8C4D5E6F-7A8B-9C0D-1E2F-3A4B5C6D7E8F}.Debug|Any CPU.Build.0 = Debug|Any CPU
		{8C4D5E6F-7A8B-9C0D-1E2F-3A4B5C6D7E8F}.Release|Any CPU.ActiveCfg = Release|Any CPU
		{8C4D5E6F-7A8B-9C0D-1E2F-3A4B5C6D7E8F}.Release|Any CPU.Build.0 = Release|Any CPU
		{5D3A1BE1-68D0-4335-BC42-C116BF9A54A1}.Debug|Any CPU.ActiveCfg = Debug|Any CPU
		{5D3A1BE1-68D0-4335-BC42-C116BF9A54A1}.Debug|Any CPU.Build.0 = Debug|Any CPU
		{5D3A1BE1-68D0-4335-BC42-C116BF9A54A1}.Release|Any CPU.ActiveCfg = Release|Any CPU
		{5D3A1BE1-68D0-4335-BC42-C116BF9A54A1}.Release|Any CPU.Build.0 = Release|Any CPU
		{2519FA70-2653-488F-B840-17AD81E654C9}.Debug|Any CPU.ActiveCfg = Debug|Any CPU
		{2519FA70-2653-488F-B840-17AD81E654C9}.Debug|Any CPU.Build.0 = Debug|Any CPU
		{2519FA70-2653-488F-B840-17AD81E654C9}.Release|Any CPU.ActiveCfg = Release|Any CPU
		{2519FA70-2653-488F-B840-17AD81E654C9}.Release|Any CPU.Build.0 = Release|Any CPU
		{9E5F6A7B-8C9D-0E1F-2A3B-4C5D6E7F8A9B}.Debug|Any CPU.ActiveCfg = Debug|Any CPU
		{9E5F6A7B-8C9D-0E1F-2A3B-4C5D6E7F8A9B}.Debug|Any CPU.Build.0 = Debug|Any CPU
		{9E5F6A7B-8C9D-0E1F-2A3B-4C5D6E7F8A9B}.Release|Any CPU.ActiveCfg = Release|Any CPU
		{9E5F6A7B-8C9D-0E1F-2A3B-4C5D6E7F8A9B}.Release|Any CPU.Build.0 = Release|Any CPU
		{0A1B2C3D-4E5F-6A7B-8C9D-0E1F2A3B4C5D}.Debug|Any CPU.ActiveCfg = Debug|Any CPU
		{0A1B2C3D-4E5F-6A7B-8C9D-0E1F2A3B4C5D}.Debug|Any CPU.Build.0 = Debug|Any CPU
		{0A1B2C3D-4E5F-6A7B-8C9D-0E1F2A3B4C5D}.Release|Any CPU.ActiveCfg = Release|Any CPU
		{0A1B2C3D-4E5F-6A7B-8C9D-0E1F2A3B4C5D}.Release|Any CPU.Build.0 = Release|Any CPU
		{273EAE14-80E1-40BA-9639-BF6D34C23E11}.Debug|Any CPU.ActiveCfg = Debug|Any CPU
		{273EAE14-80E1-40BA-9639-BF6D34C23E11}.Debug|Any CPU.Build.0 = Debug|Any CPU
		{273EAE14-80E1-40BA-9639-BF6D34C23E11}.Release|Any CPU.ActiveCfg = Release|Any CPU
		{273EAE14-80E1-40BA-9639-BF6D34C23E11}.Release|Any CPU.Build.0 = Release|Any CPU
		{13B855AF-1B72-4C12-9F31-7C7592A2155C}.Debug|Any CPU.ActiveCfg = Debug|Any CPU
		{13B855AF-1B72-4C12-9F31-7C7592A2155C}.Debug|Any CPU.Build.0 = Debug|Any CPU
		{13B855AF-1B72-4C12-9F31-7C7592A2155C}.Release|Any CPU.ActiveCfg = Release|Any CPU
		{13B855AF-1B72-4C12-9F31-7C7592A2155C}.Release|Any CPU.Build.0 = Release|Any CPU
		{66E973E9-5BA0-4653-AFDD-FA26D4C197C5}.Debug|Any CPU.ActiveCfg = Debug|Any CPU
		{66E973E9-5BA0-4653-AFDD-FA26D4C197C5}.Debug|Any CPU.Build.0 = Debug|Any CPU
		{66E973E9-5BA0-4653-AFDD-FA26D4C197C5}.Release|Any CPU.ActiveCfg = Release|Any CPU
		{66E973E9-5BA0-4653-AFDD-FA26D4C197C5}.Release|Any CPU.Build.0 = Release|Any CPU
		{F84C59A1-72B3-4D12-AF38-7C21A5B92C11}.Debug|Any CPU.ActiveCfg = Debug|Any CPU
		{F84C59A1-72B3-4D12-AF38-7C21A5B92C11}.Debug|Any CPU.Build.0 = Debug|Any CPU
		{F84C59A1-72B3-4D12-AF38-7C21A5B92C11}.Release|Any CPU.ActiveCfg = Release|Any CPU
		{F84C59A1-72B3-4D12-AF38-7C21A5B92C11}.Release|Any CPU.Build.0 = Release|Any CPU
		{E530F5B0-6783-4C23-9F4A-2B1E6D5C8A3D}.Debug|Any CPU.ActiveCfg = Debug|Any CPU
		{E530F5B0-6783-4C23-9F4A-2B1E6D5C8A3D}.Debug|Any CPU.Build.0 = Debug|Any CPU
		{E530F5B0-6783-4C23-9F4A-2B1E6D5C8A3D}.Release|Any CPU.ActiveCfg = Release|Any CPU
		{E530F5B0-6783-4C23-9F4A-2B1E6D5C8A3D}.Release|Any CPU.Build.0 = Release|Any CPU
		{F8B99419-F069-4E3F-8C07-53DF5678DB69}.Debug|Any CPU.ActiveCfg = Debug|Any CPU
		{F8B99419-F069-4E3F-8C07-53DF5678DB69}.Debug|Any CPU.Build.0 = Debug|Any CPU
		{F8B99419-F069-4E3F-8C07-53DF5678DB69}.Release|Any CPU.ActiveCfg = Release|Any CPU
		{F8B99419-F069-4E3F-8C07-53DF5678DB69}.Release|Any CPU.Build.0 = Release|Any CPU
		{D4388840-E601-4730-9374-454BF5520D47}.Debug|Any CPU.ActiveCfg = Debug|Any CPU
		{D4388840-E601-4730-9374-454BF5520D47}.Debug|Any CPU.Build.0 = Debug|Any CPU
		{D4388840-E601-4730-9374-454BF5520D47}.Release|Any CPU.ActiveCfg = Release|Any CPU
		{D4388840-E601-4730-9374-454BF5520D47}.Release|Any CPU.Build.0 = Release|Any CPU
		{7CA841A7-02DA-4CB0-A20B-106FBC948BCE}.Debug|Any CPU.ActiveCfg = Debug|Any CPU
		{7CA841A7-02DA-4CB0-A20B-106FBC948BCE}.Debug|Any CPU.Build.0 = Debug|Any CPU
		{7CA841A7-02DA-4CB0-A20B-106FBC948BCE}.Release|Any CPU.ActiveCfg = Release|Any CPU
		{7CA841A7-02DA-4CB0-A20B-106FBC948BCE}.Release|Any CPU.Build.0 = Release|Any CPU
		{8A74CA6B-BF91-4789-916C-D18B53B3DF7B}.Debug|Any CPU.ActiveCfg = Debug|Any CPU
		{8A74CA6B-BF91-4789-916C-D18B53B3DF7B}.Debug|Any CPU.Build.0 = Debug|Any CPU
		{8A74CA6B-BF91-4789-916C-D18B53B3DF7B}.Release|Any CPU.ActiveCfg = Release|Any CPU
		{8A74CA6B-BF91-4789-916C-D18B53B3DF7B}.Release|Any CPU.Build.0 = Release|Any CPU
		{5B44B533-230B-4DDC-9C34-860D442B143E}.Debug|Any CPU.ActiveCfg = Debug|Any CPU
		{5B44B533-230B-4DDC-9C34-860D442B143E}.Debug|Any CPU.Build.0 = Debug|Any CPU
		{5B44B533-230B-4DDC-9C34-860D442B143E}.Release|Any CPU.ActiveCfg = Release|Any CPU
		{5B44B533-230B-4DDC-9C34-860D442B143E}.Release|Any CPU.Build.0 = Release|Any CPU
		{CEA71352-5DB7-40E1-8682-71F8B65D842D}.Debug|Any CPU.ActiveCfg = Debug|Any CPU
		{CEA71352-5DB7-40E1-8682-71F8B65D842D}.Debug|Any CPU.Build.0 = Debug|Any CPU
		{CEA71352-5DB7-40E1-8682-71F8B65D842D}.Release|Any CPU.ActiveCfg = Release|Any CPU
		{CEA71352-5DB7-40E1-8682-71F8B65D842D}.Release|Any CPU.Build.0 = Release|Any CPU
		{D3DD681A-A7C9-4CFB-AE47-9A9CCCE35CFA}.Debug|Any CPU.ActiveCfg = Debug|Any CPU
		{D3DD681A-A7C9-4CFB-AE47-9A9CCCE35CFA}.Debug|Any CPU.Build.0 = Debug|Any CPU
		{D3DD681A-A7C9-4CFB-AE47-9A9CCCE35CFA}.Release|Any CPU.ActiveCfg = Release|Any CPU
		{D3DD681A-A7C9-4CFB-AE47-9A9CCCE35CFA}.Release|Any CPU.Build.0 = Release|Any CPU
		{89B9EA36-CEFD-4B23-A6C0-2298074DD037}.Debug|Any CPU.ActiveCfg = Debug|Any CPU
		{89B9EA36-CEFD-4B23-A6C0-2298074DD037}.Debug|Any CPU.Build.0 = Debug|Any CPU
		{89B9EA36-CEFD-4B23-A6C0-2298074DD037}.Release|Any CPU.ActiveCfg = Release|Any CPU
		{89B9EA36-CEFD-4B23-A6C0-2298074DD037}.Release|Any CPU.Build.0 = Release|Any CPU
		{E37D1FFF-C4B6-4C91-8BCB-7D020CF3C574}.Debug|Any CPU.ActiveCfg = Debug|Any CPU
		{E37D1FFF-C4B6-4C91-8BCB-7D020CF3C574}.Debug|Any CPU.Build.0 = Debug|Any CPU
		{E37D1FFF-C4B6-4C91-8BCB-7D020CF3C574}.Release|Any CPU.ActiveCfg = Release|Any CPU
		{E37D1FFF-C4B6-4C91-8BCB-7D020CF3C574}.Release|Any CPU.Build.0 = Release|Any CPU
		{9202B0ED-60DF-478D-A187-25DE52A636C9}.Debug|Any CPU.ActiveCfg = Debug|Any CPU
		{9202B0ED-60DF-478D-A187-25DE52A636C9}.Debug|Any CPU.Build.0 = Debug|Any CPU
		{9202B0ED-60DF-478D-A187-25DE52A636C9}.Release|Any CPU.ActiveCfg = Release|Any CPU
		{9202B0ED-60DF-478D-A187-25DE52A636C9}.Release|Any CPU.Build.0 = Release|Any CPU
		{F4C5D6E7-8A9B-0C1D-2E3F-4A5B6C7D8E9F}.Debug|Any CPU.ActiveCfg = Debug|Any CPU
		{F4C5D6E7-8A9B-0C1D-2E3F-4A5B6C7D8E9F}.Debug|Any CPU.Build.0 = Debug|Any CPU
		{F4C5D6E7-8A9B-0C1D-2E3F-4A5B6C7D8E9F}.Release|Any CPU.ActiveCfg = Release|Any CPU
		{F4C5D6E7-8A9B-0C1D-2E3F-4A5B6C7D8E9F}.Release|Any CPU.Build.0 = Release|Any CPU
		{A6B7C8D9-E0F1-2345-6789-ABCDEF012345}.Debug|Any CPU.ActiveCfg = Debug|Any CPU
		{A6B7C8D9-E0F1-2345-6789-ABCDEF012345}.Debug|Any CPU.Build.0 = Debug|Any CPU
		{A6B7C8D9-E0F1-2345-6789-ABCDEF012345}.Release|Any CPU.ActiveCfg = Release|Any CPU
		{A6B7C8D9-E0F1-2345-6789-ABCDEF012345}.Release|Any CPU.Build.0 = Release|Any CPU
		{B7C8D9E0-F1A2-3456-789A-BCDEF0123456}.Debug|Any CPU.ActiveCfg = Debug|Any CPU
		{B7C8D9E0-F1A2-3456-789A-BCDEF0123456}.Debug|Any CPU.Build.0 = Debug|Any CPU
		{B7C8D9E0-F1A2-3456-789A-BCDEF0123456}.Release|Any CPU.ActiveCfg = Release|Any CPU
		{B7C8D9E0-F1A2-3456-789A-BCDEF0123456}.Release|Any CPU.Build.0 = Release|Any CPU
		{C8D9E0F1-A2B3-4567-89AB-CDEF01234567}.Debug|Any CPU.ActiveCfg = Debug|Any CPU
		{C8D9E0F1-A2B3-4567-89AB-CDEF01234567}.Debug|Any CPU.Build.0 = Debug|Any CPU
		{C8D9E0F1-A2B3-4567-89AB-CDEF01234567}.Release|Any CPU.ActiveCfg = Release|Any CPU
		{C8D9E0F1-A2B3-4567-89AB-CDEF01234567}.Release|Any CPU.Build.0 = Release|Any CPU
		{34FC5670-6BB2-47D1-B3E9-478EBAD449E0}.Debug|Any CPU.ActiveCfg = Debug|Any CPU
		{34FC5670-6BB2-47D1-B3E9-478EBAD449E0}.Debug|Any CPU.Build.0 = Debug|Any CPU
		{34FC5670-6BB2-47D1-B3E9-478EBAD449E0}.Release|Any CPU.ActiveCfg = Release|Any CPU
		{34FC5670-6BB2-47D1-B3E9-478EBAD449E0}.Release|Any CPU.Build.0 = Release|Any CPU
		{582BDFFC-5D91-4891-B52F-C37925932B9E}.Debug|Any CPU.ActiveCfg = Debug|Any CPU
		{582BDFFC-5D91-4891-B52F-C37925932B9E}.Debug|Any CPU.Build.0 = Debug|Any CPU
		{582BDFFC-5D91-4891-B52F-C37925932B9E}.Release|Any CPU.ActiveCfg = Release|Any CPU
		{582BDFFC-5D91-4891-B52F-C37925932B9E}.Release|Any CPU.Build.0 = Release|Any CPU
		{DFD6CF98-3661-4F37-ADE2-255B744CF87D}.Debug|Any CPU.ActiveCfg = Debug|Any CPU
		{DFD6CF98-3661-4F37-ADE2-255B744CF87D}.Debug|Any CPU.Build.0 = Debug|Any CPU
		{DFD6CF98-3661-4F37-ADE2-255B744CF87D}.Release|Any CPU.ActiveCfg = Release|Any CPU
		{DFD6CF98-3661-4F37-ADE2-255B744CF87D}.Release|Any CPU.Build.0 = Release|Any CPU
		{74F226C8-F07E-4204-A057-713F57A9E528}.Debug|Any CPU.ActiveCfg = Debug|Any CPU
		{74F226C8-F07E-4204-A057-713F57A9E528}.Debug|Any CPU.Build.0 = Debug|Any CPU
		{74F226C8-F07E-4204-A057-713F57A9E528}.Release|Any CPU.ActiveCfg = Release|Any CPU
		{74F226C8-F07E-4204-A057-713F57A9E528}.Release|Any CPU.Build.0 = Release|Any CPU
		{70AB9DBD-0624-4727-BE4C-674D16EF01FB}.Debug|Any CPU.ActiveCfg = Debug|Any CPU
		{70AB9DBD-0624-4727-BE4C-674D16EF01FB}.Debug|Any CPU.Build.0 = Debug|Any CPU
		{70AB9DBD-0624-4727-BE4C-674D16EF01FB}.Release|Any CPU.ActiveCfg = Release|Any CPU
		{70AB9DBD-0624-4727-BE4C-674D16EF01FB}.Release|Any CPU.Build.0 = Release|Any CPU
		{0BF32C50-5CE2-4CAB-8CE9-2689E0A41F04}.Debug|Any CPU.ActiveCfg = Debug|Any CPU
		{0BF32C50-5CE2-4CAB-8CE9-2689E0A41F04}.Debug|Any CPU.Build.0 = Debug|Any CPU
		{0BF32C50-5CE2-4CAB-8CE9-2689E0A41F04}.Release|Any CPU.ActiveCfg = Release|Any CPU
		{0BF32C50-5CE2-4CAB-8CE9-2689E0A41F04}.Release|Any CPU.Build.0 = Release|Any CPU
		{5E471204-34EA-4B98-AA55-B9476A4E7753}.Debug|Any CPU.ActiveCfg = Debug|Any CPU
		{5E471204-34EA-4B98-AA55-B9476A4E7753}.Debug|Any CPU.Build.0 = Debug|Any CPU
		{5E471204-34EA-4B98-AA55-B9476A4E7753}.Release|Any CPU.ActiveCfg = Release|Any CPU
		{5E471204-34EA-4B98-AA55-B9476A4E7753}.Release|Any CPU.Build.0 = Release|Any CPU
		{EE53B69E-A8B3-4351-8E64-AB57B1FBF15B}.Debug|Any CPU.ActiveCfg = Debug|Any CPU
		{EE53B69E-A8B3-4351-8E64-AB57B1FBF15B}.Debug|Any CPU.Build.0 = Debug|Any CPU
		{EE53B69E-A8B3-4351-8E64-AB57B1FBF15B}.Release|Any CPU.ActiveCfg = Release|Any CPU
		{EE53B69E-A8B3-4351-8E64-AB57B1FBF15B}.Release|Any CPU.Build.0 = Release|Any CPU
		{E927F007-FA5E-42D4-BFAB-B966BE58C437}.Debug|Any CPU.ActiveCfg = Debug|Any CPU
		{E927F007-FA5E-42D4-BFAB-B966BE58C437}.Debug|Any CPU.Build.0 = Debug|Any CPU
		{E927F007-FA5E-42D4-BFAB-B966BE58C437}.Release|Any CPU.ActiveCfg = Release|Any CPU
		{E927F007-FA5E-42D4-BFAB-B966BE58C437}.Release|Any CPU.Build.0 = Release|Any CPU
		{D613897D-F43F-47D9-BEEB-882F2332EDED}.Debug|Any CPU.ActiveCfg = Debug|Any CPU
		{D613897D-F43F-47D9-BEEB-882F2332EDED}.Debug|Any CPU.Build.0 = Debug|Any CPU
		{D613897D-F43F-47D9-BEEB-882F2332EDED}.Release|Any CPU.ActiveCfg = Release|Any CPU
		{D613897D-F43F-47D9-BEEB-882F2332EDED}.Release|Any CPU.Build.0 = Release|Any CPU
		{4D55CC07-1008-4638-A39C-7B699D506519}.Debug|Any CPU.ActiveCfg = Debug|Any CPU
		{4D55CC07-1008-4638-A39C-7B699D506519}.Debug|Any CPU.Build.0 = Debug|Any CPU
		{4D55CC07-1008-4638-A39C-7B699D506519}.Release|Any CPU.ActiveCfg = Release|Any CPU
		{4D55CC07-1008-4638-A39C-7B699D506519}.Release|Any CPU.Build.0 = Release|Any CPU
		{61B9571C-2868-4E48-A43A-997BC056BE14}.Debug|Any CPU.ActiveCfg = Debug|Any CPU
		{61B9571C-2868-4E48-A43A-997BC056BE14}.Debug|Any CPU.Build.0 = Debug|Any CPU
		{61B9571C-2868-4E48-A43A-997BC056BE14}.Release|Any CPU.ActiveCfg = Release|Any CPU
		{61B9571C-2868-4E48-A43A-997BC056BE14}.Release|Any CPU.Build.0 = Release|Any CPU
		{F94A8AC7-AA45-40D4-9415-6A944471568A}.Debug|Any CPU.ActiveCfg = Debug|Any CPU
		{F94A8AC7-AA45-40D4-9415-6A944471568A}.Debug|Any CPU.Build.0 = Debug|Any CPU
		{F94A8AC7-AA45-40D4-9415-6A944471568A}.Release|Any CPU.ActiveCfg = Release|Any CPU
		{F94A8AC7-AA45-40D4-9415-6A944471568A}.Release|Any CPU.Build.0 = Release|Any CPU
		{F1322476-FA97-4695-88C6-F828597FEEED}.Debug|Any CPU.ActiveCfg = Debug|Any CPU
		{F1322476-FA97-4695-88C6-F828597FEEED}.Debug|Any CPU.Build.0 = Debug|Any CPU
		{F1322476-FA97-4695-88C6-F828597FEEED}.Release|Any CPU.ActiveCfg = Release|Any CPU
		{F1322476-FA97-4695-88C6-F828597FEEED}.Release|Any CPU.Build.0 = Release|Any CPU
		{537BC602-4517-4F68-9DA2-717FD69450E1}.Debug|Any CPU.ActiveCfg = Debug|Any CPU
		{537BC602-4517-4F68-9DA2-717FD69450E1}.Debug|Any CPU.Build.0 = Debug|Any CPU
		{537BC602-4517-4F68-9DA2-717FD69450E1}.Release|Any CPU.ActiveCfg = Release|Any CPU
		{537BC602-4517-4F68-9DA2-717FD69450E1}.Release|Any CPU.Build.0 = Release|Any CPU
		{C25B3600-2BB1-4805-9442-82CDD534E780}.Debug|Any CPU.ActiveCfg = Debug|Any CPU
		{C25B3600-2BB1-4805-9442-82CDD534E780}.Debug|Any CPU.Build.0 = Debug|Any CPU
		{C25B3600-2BB1-4805-9442-82CDD534E780}.Release|Any CPU.ActiveCfg = Release|Any CPU
		{C25B3600-2BB1-4805-9442-82CDD534E780}.Release|Any CPU.Build.0 = Release|Any CPU
		{84774EF0-E86C-4FAB-9846-6EBB64B3B9B4}.Debug|Any CPU.ActiveCfg = Debug|Any CPU
		{84774EF0-E86C-4FAB-9846-6EBB64B3B9B4}.Debug|Any CPU.Build.0 = Debug|Any CPU
		{84774EF0-E86C-4FAB-9846-6EBB64B3B9B4}.Release|Any CPU.ActiveCfg = Release|Any CPU
		{84774EF0-E86C-4FAB-9846-6EBB64B3B9B4}.Release|Any CPU.Build.0 = Release|Any CPU
		{3D69D647-30E5-4F1D-9CF8-950AE7121424}.Debug|Any CPU.ActiveCfg = Debug|Any CPU
		{3D69D647-30E5-4F1D-9CF8-950AE7121424}.Debug|Any CPU.Build.0 = Debug|Any CPU
		{3D69D647-30E5-4F1D-9CF8-950AE7121424}.Release|Any CPU.ActiveCfg = Release|Any CPU
		{3D69D647-30E5-4F1D-9CF8-950AE7121424}.Release|Any CPU.Build.0 = Release|Any CPU
		{3C1A6717-8069-4108-B33F-E1A29E081506}.Debug|Any CPU.ActiveCfg = Debug|Any CPU
		{3C1A6717-8069-4108-B33F-E1A29E081506}.Debug|Any CPU.Build.0 = Debug|Any CPU
		{3C1A6717-8069-4108-B33F-E1A29E081506}.Release|Any CPU.ActiveCfg = Release|Any CPU
		{3C1A6717-8069-4108-B33F-E1A29E081506}.Release|Any CPU.Build.0 = Release|Any CPU
		{64FFAD7B-E944-476C-B079-94485A78A44D}.Debug|Any CPU.ActiveCfg = Debug|Any CPU
		{64FFAD7B-E944-476C-B079-94485A78A44D}.Debug|Any CPU.Build.0 = Debug|Any CPU
		{64FFAD7B-E944-476C-B079-94485A78A44D}.Release|Any CPU.ActiveCfg = Release|Any CPU
		{64FFAD7B-E944-476C-B079-94485A78A44D}.Release|Any CPU.Build.0 = Release|Any CPU
		{CA2A37BB-4DDF-4BA0-80A9-4128BB94CE17}.Debug|Any CPU.ActiveCfg = Debug|Any CPU
		{CA2A37BB-4DDF-4BA0-80A9-4128BB94CE17}.Debug|Any CPU.Build.0 = Debug|Any CPU
		{CA2A37BB-4DDF-4BA0-80A9-4128BB94CE17}.Release|Any CPU.ActiveCfg = Release|Any CPU
		{CA2A37BB-4DDF-4BA0-80A9-4128BB94CE17}.Release|Any CPU.Build.0 = Release|Any CPU
		{95F94F8E-22DB-44DA-A82E-E3C587A99D8F}.Debug|Any CPU.ActiveCfg = Debug|Any CPU
		{95F94F8E-22DB-44DA-A82E-E3C587A99D8F}.Debug|Any CPU.Build.0 = Debug|Any CPU
		{95F94F8E-22DB-44DA-A82E-E3C587A99D8F}.Release|Any CPU.ActiveCfg = Release|Any CPU
		{95F94F8E-22DB-44DA-A82E-E3C587A99D8F}.Release|Any CPU.Build.0 = Release|Any CPU
		{783EA125-D8A4-4747-9F2F-80A962AAFBAC}.Debug|Any CPU.ActiveCfg = Debug|Any CPU
		{783EA125-D8A4-4747-9F2F-80A962AAFBAC}.Debug|Any CPU.Build.0 = Debug|Any CPU
		{783EA125-D8A4-4747-9F2F-80A962AAFBAC}.Release|Any CPU.ActiveCfg = Release|Any CPU
		{783EA125-D8A4-4747-9F2F-80A962AAFBAC}.Release|Any CPU.Build.0 = Release|Any CPU
		{6F7EE128-0AD0-4F9D-A48F-BF9F199BF971}.Debug|Any CPU.ActiveCfg = Debug|Any CPU
		{6F7EE128-0AD0-4F9D-A48F-BF9F199BF971}.Debug|Any CPU.Build.0 = Debug|Any CPU
		{6F7EE128-0AD0-4F9D-A48F-BF9F199BF971}.Release|Any CPU.ActiveCfg = Release|Any CPU
		{6F7EE128-0AD0-4F9D-A48F-BF9F199BF971}.Release|Any CPU.Build.0 = Release|Any CPU
		{75393F1D-3818-41CF-B816-E385099AD0F6}.Debug|Any CPU.ActiveCfg = Debug|Any CPU
		{75393F1D-3818-41CF-B816-E385099AD0F6}.Debug|Any CPU.Build.0 = Debug|Any CPU
		{75393F1D-3818-41CF-B816-E385099AD0F6}.Release|Any CPU.ActiveCfg = Release|Any CPU
		{75393F1D-3818-41CF-B816-E385099AD0F6}.Release|Any CPU.Build.0 = Release|Any CPU
		{2C01996D-6F36-49B2-9A75-59917F4730AB}.Debug|Any CPU.ActiveCfg = Debug|Any CPU
		{2C01996D-6F36-49B2-9A75-59917F4730AB}.Debug|Any CPU.Build.0 = Debug|Any CPU
		{2C01996D-6F36-49B2-9A75-59917F4730AB}.Release|Any CPU.ActiveCfg = Release|Any CPU
		{2C01996D-6F36-49B2-9A75-59917F4730AB}.Release|Any CPU.Build.0 = Release|Any CPU
		{64C78C5F-73BD-46D5-A21C-F1E4185B61AC}.Debug|Any CPU.ActiveCfg = Debug|Any CPU
		{64C78C5F-73BD-46D5-A21C-F1E4185B61AC}.Debug|Any CPU.Build.0 = Debug|Any CPU
		{64C78C5F-73BD-46D5-A21C-F1E4185B61AC}.Release|Any CPU.ActiveCfg = Release|Any CPU
		{64C78C5F-73BD-46D5-A21C-F1E4185B61AC}.Release|Any CPU.Build.0 = Release|Any CPU
		{22F51C7D-41E3-4213-94D9-01C712A9D313}.Debug|Any CPU.ActiveCfg = Debug|Any CPU
		{22F51C7D-41E3-4213-94D9-01C712A9D313}.Debug|Any CPU.Build.0 = Debug|Any CPU
		{22F51C7D-41E3-4213-94D9-01C712A9D313}.Release|Any CPU.ActiveCfg = Release|Any CPU
		{22F51C7D-41E3-4213-94D9-01C712A9D313}.Release|Any CPU.Build.0 = Release|Any CPU
		{D7383B95-9D26-43DC-8C18-4150D1B46A35}.Debug|Any CPU.ActiveCfg = Debug|Any CPU
		{D7383B95-9D26-43DC-8C18-4150D1B46A35}.Debug|Any CPU.Build.0 = Debug|Any CPU
		{D7383B95-9D26-43DC-8C18-4150D1B46A35}.Release|Any CPU.ActiveCfg = Release|Any CPU
		{D7383B95-9D26-43DC-8C18-4150D1B46A35}.Release|Any CPU.Build.0 = Release|Any CPU
		{8D755516-FFCC-4F73-ACFF-142B3496A843}.Debug|Any CPU.ActiveCfg = Debug|Any CPU
		{8D755516-FFCC-4F73-ACFF-142B3496A843}.Debug|Any CPU.Build.0 = Debug|Any CPU
		{8D755516-FFCC-4F73-ACFF-142B3496A843}.Release|Any CPU.ActiveCfg = Release|Any CPU
		{8D755516-FFCC-4F73-ACFF-142B3496A843}.Release|Any CPU.Build.0 = Release|Any CPU
		{A1C8024E-53BA-4644-AFBE-BB868D1C651A}.Debug|Any CPU.ActiveCfg = Debug|Any CPU
		{A1C8024E-53BA-4644-AFBE-BB868D1C651A}.Debug|Any CPU.Build.0 = Debug|Any CPU
		{A1C8024E-53BA-4644-AFBE-BB868D1C651A}.Release|Any CPU.ActiveCfg = Release|Any CPU
		{A1C8024E-53BA-4644-AFBE-BB868D1C651A}.Release|Any CPU.Build.0 = Release|Any CPU
		{CCAF0F52-D38A-42C1-ABBF-89D465042947}.Debug|Any CPU.ActiveCfg = Debug|Any CPU
		{CCAF0F52-D38A-42C1-ABBF-89D465042947}.Debug|Any CPU.Build.0 = Debug|Any CPU
		{CCAF0F52-D38A-42C1-ABBF-89D465042947}.Release|Any CPU.ActiveCfg = Release|Any CPU
		{CCAF0F52-D38A-42C1-ABBF-89D465042947}.Release|Any CPU.Build.0 = Release|Any CPU
		{2BC9E290-229F-4B62-B0C4-F1A25FB4F390}.Debug|Any CPU.ActiveCfg = Debug|Any CPU
		{2BC9E290-229F-4B62-B0C4-F1A25FB4F390}.Debug|Any CPU.Build.0 = Debug|Any CPU
		{2BC9E290-229F-4B62-B0C4-F1A25FB4F390}.Release|Any CPU.ActiveCfg = Release|Any CPU
		{2BC9E290-229F-4B62-B0C4-F1A25FB4F390}.Release|Any CPU.Build.0 = Release|Any CPU
		{F7FC796C-AF82-4AE7-8FC9-2D889185CF70}.Debug|Any CPU.ActiveCfg = Debug|Any CPU
		{F7FC796C-AF82-4AE7-8FC9-2D889185CF70}.Debug|Any CPU.Build.0 = Debug|Any CPU
		{F7FC796C-AF82-4AE7-8FC9-2D889185CF70}.Release|Any CPU.ActiveCfg = Release|Any CPU
		{F7FC796C-AF82-4AE7-8FC9-2D889185CF70}.Release|Any CPU.Build.0 = Release|Any CPU
		{172FCF39-718D-43B4-B3B4-F668C25D87F9}.Debug|Any CPU.ActiveCfg = Debug|Any CPU
		{172FCF39-718D-43B4-B3B4-F668C25D87F9}.Debug|Any CPU.Build.0 = Debug|Any CPU
		{172FCF39-718D-43B4-B3B4-F668C25D87F9}.Release|Any CPU.ActiveCfg = Release|Any CPU
		{172FCF39-718D-43B4-B3B4-F668C25D87F9}.Release|Any CPU.Build.0 = Release|Any CPU
		{8C374BAE-ABAA-4D8E-966D-75D56AD37D6E}.Debug|Any CPU.ActiveCfg = Debug|Any CPU
		{8C374BAE-ABAA-4D8E-966D-75D56AD37D6E}.Debug|Any CPU.Build.0 = Debug|Any CPU
		{8C374BAE-ABAA-4D8E-966D-75D56AD37D6E}.Release|Any CPU.ActiveCfg = Release|Any CPU
		{8C374BAE-ABAA-4D8E-966D-75D56AD37D6E}.Release|Any CPU.Build.0 = Release|Any CPU
		{D59B3C07-E566-4C37-BAA9-F18F9E16BAB2}.Debug|Any CPU.ActiveCfg = Debug|Any CPU
		{D59B3C07-E566-4C37-BAA9-F18F9E16BAB2}.Debug|Any CPU.Build.0 = Debug|Any CPU
		{D59B3C07-E566-4C37-BAA9-F18F9E16BAB2}.Release|Any CPU.ActiveCfg = Release|Any CPU
		{D59B3C07-E566-4C37-BAA9-F18F9E16BAB2}.Release|Any CPU.Build.0 = Release|Any CPU
		{D176C811-6E80-485F-A42F-0813F5B7F48C}.Debug|Any CPU.ActiveCfg = Debug|Any CPU
		{D176C811-6E80-485F-A42F-0813F5B7F48C}.Debug|Any CPU.Build.0 = Debug|Any CPU
		{D176C811-6E80-485F-A42F-0813F5B7F48C}.Release|Any CPU.ActiveCfg = Release|Any CPU
		{D176C811-6E80-485F-A42F-0813F5B7F48C}.Release|Any CPU.Build.0 = Release|Any CPU
		{55452B7A-1313-4824-8790-CD7C8B6ACA36}.Debug|Any CPU.ActiveCfg = Debug|Any CPU
		{55452B7A-1313-4824-8790-CD7C8B6ACA36}.Debug|Any CPU.Build.0 = Debug|Any CPU
		{55452B7A-1313-4824-8790-CD7C8B6ACA36}.Release|Any CPU.ActiveCfg = Release|Any CPU
		{55452B7A-1313-4824-8790-CD7C8B6ACA36}.Release|Any CPU.Build.0 = Release|Any CPU
	EndGlobalSection
	GlobalSection(NestedProjects) = preSolution
		{E1DB38A5-EE3F-40C3-9E55-927C9CD88A21} = {7D664060-FDE6-40CA-BAC9-819A3FB70E18}
		{63B1A4D2-9F8C-4A7D-BC8E-1F2C3D4E5F6A} = {7D664060-FDE6-40CA-BAC9-819A3FB70E18}
		{A1B2C3D4-E5F6-7890-ABCD-EF1234567890} = {7D664060-FDE6-40CA-BAC9-819A3FB70E18}
		{A8293862-4C5A-4706-87A2-A0BF734CD1D6} = {F2EC04FD-F713-4CCB-99A9-A40662762F0A}
		{8B5C3D1E-4F6A-4B7C-9D8E-1F2A3B4C5D6E} = {F2EC04FD-F713-4CCB-99A9-A40662762F0A}
		{B2C3D4E5-F6A7-8901-BCDE-F12345678901} = {F2EC04FD-F713-4CCB-99A9-A40662762F0A}
		{6CC5DFEA-7130-461E-BCB2-1E8DD47DAB51} = {7D664060-FDE6-40CA-BAC9-819A3FB70E18}
		{880CC771-A18E-44C4-962F-02531A90E50D} = {F2EC04FD-F713-4CCB-99A9-A40662762F0A}
		{D004F575-43AE-4511-BC2B-16C18499293A} = {F2EC04FD-F713-4CCB-99A9-A40662762F0A}
		{26B2A5E4-31FC-4F3A-966D-063A930278C3} = {7D664060-FDE6-40CA-BAC9-819A3FB70E18}
		{ECCAB625-4195-48B4-89AE-223C45ADDC89} = {7D664060-FDE6-40CA-BAC9-819A3FB70E18}
		{9D5126C5-5552-48D1-9464-D7980482B5A8} = {F2EC04FD-F713-4CCB-99A9-A40662762F0A}
		{7B3D4E5F-6A7B-8C9D-0E1F-2A3B4C5D6E7F} = {7D664060-FDE6-40CA-BAC9-819A3FB70E18}
		{8C4D5E6F-7A8B-9C0D-1E2F-3A4B5C6D7E8F} = {F2EC04FD-F713-4CCB-99A9-A40662762F0A}
		{5D3A1BE1-68D0-4335-BC42-C116BF9A54A1} = {7D664060-FDE6-40CA-BAC9-819A3FB70E18}
		{2519FA70-2653-488F-B840-17AD81E654C9} = {F2EC04FD-F713-4CCB-99A9-A40662762F0A}
		{9E5F6A7B-8C9D-0E1F-2A3B-4C5D6E7F8A9B} = {7D664060-FDE6-40CA-BAC9-819A3FB70E18}
		{0A1B2C3D-4E5F-6A7B-8C9D-0E1F2A3B4C5D} = {F2EC04FD-F713-4CCB-99A9-A40662762F0A}
		{273EAE14-80E1-40BA-9639-BF6D34C23E11} = {7D664060-FDE6-40CA-BAC9-819A3FB70E18}
		{13B855AF-1B72-4C12-9F31-7C7592A2155C} = {F2EC04FD-F713-4CCB-99A9-A40662762F0A}
		{66E973E9-5BA0-4653-AFDD-FA26D4C197C5} = {7D664060-FDE6-40CA-BAC9-819A3FB70E18}
		{F84C59A1-72B3-4D12-AF38-7C21A5B92C11} = {7D664060-FDE6-40CA-BAC9-819A3FB70E18}
		{E530F5B0-6783-4C23-9F4A-2B1E6D5C8A3D} = {F2EC04FD-F713-4CCB-99A9-A40662762F0A}
		{F8B99419-F069-4E3F-8C07-53DF5678DB69} = {7D664060-FDE6-40CA-BAC9-819A3FB70E18}
		{D4388840-E601-4730-9374-454BF5520D47} = {F2EC04FD-F713-4CCB-99A9-A40662762F0A}
		{7CA841A7-02DA-4CB0-A20B-106FBC948BCE} = {F2EC04FD-F713-4CCB-99A9-A40662762F0A}
		{8A74CA6B-BF91-4789-916C-D18B53B3DF7B} = {7D664060-FDE6-40CA-BAC9-819A3FB70E18}
		{5B44B533-230B-4DDC-9C34-860D442B143E} = {F2EC04FD-F713-4CCB-99A9-A40662762F0A}
		{CEA71352-5DB7-40E1-8682-71F8B65D842D} = {F2EC04FD-F713-4CCB-99A9-A40662762F0A}
		{D3DD681A-A7C9-4CFB-AE47-9A9CCCE35CFA} = {7D664060-FDE6-40CA-BAC9-819A3FB70E18}
		{89B9EA36-CEFD-4B23-A6C0-2298074DD037} = {F2EC04FD-F713-4CCB-99A9-A40662762F0A}
		{E37D1FFF-C4B6-4C91-8BCB-7D020CF3C574} = {7D664060-FDE6-40CA-BAC9-819A3FB70E18}
		{9202B0ED-60DF-478D-A187-25DE52A636C9} = {F2EC04FD-F713-4CCB-99A9-A40662762F0A}
		{F4C5D6E7-8A9B-0C1D-2E3F-4A5B6C7D8E9F} = {7D664060-FDE6-40CA-BAC9-819A3FB70E18}
		{A6B7C8D9-E0F1-2345-6789-ABCDEF012345} = {F2EC04FD-F713-4CCB-99A9-A40662762F0A}
		{B7C8D9E0-F1A2-3456-789A-BCDEF0123456} = {7D664060-FDE6-40CA-BAC9-819A3FB70E18}
		{C8D9E0F1-A2B3-4567-89AB-CDEF01234567} = {F2EC04FD-F713-4CCB-99A9-A40662762F0A}
		{34FC5670-6BB2-47D1-B3E9-478EBAD449E0} = {7D664060-FDE6-40CA-BAC9-819A3FB70E18}
		{582BDFFC-5D91-4891-B52F-C37925932B9E} = {7D664060-FDE6-40CA-BAC9-819A3FB70E18}
		{DFD6CF98-3661-4F37-ADE2-255B744CF87D} = {F2EC04FD-F713-4CCB-99A9-A40662762F0A}
		{74F226C8-F07E-4204-A057-713F57A9E528} = {F2EC04FD-F713-4CCB-99A9-A40662762F0A}
		{70AB9DBD-0624-4727-BE4C-674D16EF01FB} = {7D664060-FDE6-40CA-BAC9-819A3FB70E18}
		{0BF32C50-5CE2-4CAB-8CE9-2689E0A41F04} = {7D664060-FDE6-40CA-BAC9-819A3FB70E18}
		{5E471204-34EA-4B98-AA55-B9476A4E7753} = {F2EC04FD-F713-4CCB-99A9-A40662762F0A}
		{EE53B69E-A8B3-4351-8E64-AB57B1FBF15B} = {F2EC04FD-F713-4CCB-99A9-A40662762F0A}
		{E927F007-FA5E-42D4-BFAB-B966BE58C437} = {F2EC04FD-F713-4CCB-99A9-A40662762F0A}
		{D613897D-F43F-47D9-BEEB-882F2332EDED} = {7D664060-FDE6-40CA-BAC9-819A3FB70E18}
		{4D55CC07-1008-4638-A39C-7B699D506519} = {7D664060-FDE6-40CA-BAC9-819A3FB70E18}
		{61B9571C-2868-4E48-A43A-997BC056BE14} = {F2EC04FD-F713-4CCB-99A9-A40662762F0A}
		{F94A8AC7-AA45-40D4-9415-6A944471568A} = {7D664060-FDE6-40CA-BAC9-819A3FB70E18}
		{F1322476-FA97-4695-88C6-F828597FEEED} = {F2EC04FD-F713-4CCB-99A9-A40662762F0A}
		{537BC602-4517-4F68-9DA2-717FD69450E1} = {7D664060-FDE6-40CA-BAC9-819A3FB70E18}
		{C25B3600-2BB1-4805-9442-82CDD534E780} = {F2EC04FD-F713-4CCB-99A9-A40662762F0A}
		{84774EF0-E86C-4FAB-9846-6EBB64B3B9B4} = {7D664060-FDE6-40CA-BAC9-819A3FB70E18}
		{3D69D647-30E5-4F1D-9CF8-950AE7121424} = {F2EC04FD-F713-4CCB-99A9-A40662762F0A}
		{3C1A6717-8069-4108-B33F-E1A29E081506} = {7D664060-FDE6-40CA-BAC9-819A3FB70E18}
		{64FFAD7B-E944-476C-B079-94485A78A44D} = {7D664060-FDE6-40CA-BAC9-819A3FB70E18}
		{CA2A37BB-4DDF-4BA0-80A9-4128BB94CE17} = {F2EC04FD-F713-4CCB-99A9-A40662762F0A}
		{95F94F8E-22DB-44DA-A82E-E3C587A99D8F} = {7D664060-FDE6-40CA-BAC9-819A3FB70E18}
		{783EA125-D8A4-4747-9F2F-80A962AAFBAC} = {F2EC04FD-F713-4CCB-99A9-A40662762F0A}
		{6F7EE128-0AD0-4F9D-A48F-BF9F199BF971} = {7D664060-FDE6-40CA-BAC9-819A3FB70E18}
		{75393F1D-3818-41CF-B816-E385099AD0F6} = {F2EC04FD-F713-4CCB-99A9-A40662762F0A}
		{2C01996D-6F36-49B2-9A75-59917F4730AB} = {7D664060-FDE6-40CA-BAC9-819A3FB70E18}
		{64C78C5F-73BD-46D5-A21C-F1E4185B61AC} = {F2EC04FD-F713-4CCB-99A9-A40662762F0A}
		{22F51C7D-41E3-4213-94D9-01C712A9D313} = {7D664060-FDE6-40CA-BAC9-819A3FB70E18}
		{D7383B95-9D26-43DC-8C18-4150D1B46A35} = {7D664060-FDE6-40CA-BAC9-819A3FB70E18}
		{8D755516-FFCC-4F73-ACFF-142B3496A843} = {7D664060-FDE6-40CA-BAC9-819A3FB70E18}
		{A1C8024E-53BA-4644-AFBE-BB868D1C651A} = {7D664060-FDE6-40CA-BAC9-819A3FB70E18}
		{CCAF0F52-D38A-42C1-ABBF-89D465042947} = {7D664060-FDE6-40CA-BAC9-819A3FB70E18}
		{2BC9E290-229F-4B62-B0C4-F1A25FB4F390} = {F2EC04FD-F713-4CCB-99A9-A40662762F0A}
		{F7FC796C-AF82-4AE7-8FC9-2D889185CF70} = {F2EC04FD-F713-4CCB-99A9-A40662762F0A}
		{172FCF39-718D-43B4-B3B4-F668C25D87F9} = {F2EC04FD-F713-4CCB-99A9-A40662762F0A}
		{8C374BAE-ABAA-4D8E-966D-75D56AD37D6E} = {F2EC04FD-F713-4CCB-99A9-A40662762F0A}
		{D59B3C07-E566-4C37-BAA9-F18F9E16BAB2} = {F2EC04FD-F713-4CCB-99A9-A40662762F0A}
		{D176C811-6E80-485F-A42F-0813F5B7F48C} = {F2EC04FD-F713-4CCB-99A9-A40662762F0A}
		{55452B7A-1313-4824-8790-CD7C8B6ACA36} = {F2EC04FD-F713-4CCB-99A9-A40662762F0A}
	EndGlobalSection
EndGlobal
